// !$*UTF8*$!
{
	archiveVersion = 1;
	classes = {
	};
	objectVersion = 56;
	objects = {

/* Begin PBXBuildFile section */
		100000000000000000000001 /* CrossFolioApp.swift in Sources */ = {isa = PBXBuildFile; fileRef = 200000000000000000000001 /* CrossFolioApp.swift */; };
		100000000000000000000002 /* ContentView.swift in Sources */ = {isa = PBXBuildFile; fileRef = 200000000000000000000002 /* ContentView.swift */; };
		100000000000000000000003 /* Shared.framework in Frameworks */ = {isa = PBXBuildFile; fileRef = 200000000000000000000003 /* Shared.framework */; };
		100000000000000000000004 /* CrossFolioApp.swift in Sources */ = {isa = PBXBuildFile; fileRef = 200000000000000000000001 /* CrossFolioApp.swift */; };
		100000000000000000000005 /* ContentView.swift in Sources */ = {isa = PBXBuildFile; fileRef = 200000000000000000000002 /* ContentView.swift */; };
		100000000000000000000006 /* Shared.framework in Frameworks */ = {isa = PBXBuildFile; fileRef = 200000000000000000000003 /* Shared.framework */; };
		100000000000000000000007 /* TabBarScreen.swift in Sources */ = {isa = PBXBuildFile; fileRef = 200000000000000000000008 /* TabBarScreen.swift */; };
		100000000000000000000008 /* PortfolioScreen.swift in Sources */ = {isa = PBXBuildFile; fileRef = 200000000000000000000009 /* PortfolioScreen.swift */; };
		100000000000000000000009 /* AnalyticsScreen.swift in Sources */ = {isa = PBXBuildFile; fileRef = 200000000000000000000010 /* AnalyticsScreen.swift */; };
		100000000000000000000010 /* ProfileScreen.swift in Sources */ = {isa = PBXBuildFile; fileRef = 200000000000000000000011 /* ProfileScreen.swift */; };
		100000000000000000000011 /* TabBarScreen.swift in Sources */ = {isa = PBXBuildFile; fileRef = 200000000000000000000008 /* TabBarScreen.swift */; };
		100000000000000000000012 /* PortfolioScreen.swift in Sources */ = {isa = PBXBuildFile; fileRef = 200000000000000000000009 /* PortfolioScreen.swift */; };
		100000000000000000000013 /* AnalyticsScreen.swift in Sources */ = {isa = PBXBuildFile; fileRef = 200000000000000000000010 /* AnalyticsScreen.swift */; };
		100000000000000000000014 /* ProfileScreen.swift in Sources */ = {isa = PBXBuildFile; fileRef = 200000000000000000000011 /* ProfileScreen.swift */; };
/* End PBXBuildFile section */

/* Begin PBXFileReference section */
		200000000000000000000001 /* CrossFolioApp.swift */ = {isa = PBXFileReference; lastKnownFileType = sourcecode.swift; path = CrossFolioApp.swift; sourceTree = "<group>"; };
		200000000000000000000002 /* ContentView.swift */ = {isa = PBXFileReference; lastKnownFileType = sourcecode.swift; path = ContentView.swift; sourceTree = "<group>"; };
		200000000000000000000003 /* Shared.framework */ = {isa = PBXFileReference; explicitFileType = wrapper.framework; path = Shared.framework; sourceTree = BUILT_PRODUCTS_DIR; };
		200000000000000000000004 /* Info.plist */ = {isa = PBXFileReference; lastKnownFileType = text.plist.xml; path = Info.plist; sourceTree = "<group>"; };
		200000000000000000000005 /* Info.plist */ = {isa = PBXFileReference; lastKnownFileType = text.plist.xml; path = Info.plist; sourceTree = "<group>"; };
		200000000000000000000006 /* CrossFolio iOS.app */ = {isa = PBXFileReference; explicitFileType = wrapper.application; includeInIndex = 0; path = "CrossFolio iOS.app"; sourceTree = BUILT_PRODUCTS_DIR; };
		200000000000000000000007 /* CrossFolio macOS.app */ = {isa = PBXFileReference; explicitFileType = wrapper.application; includeInIndex = 0; path = "CrossFolio macOS.app"; sourceTree = BUILT_PRODUCTS_DIR; };
		200000000000000000000008 /* TabBarScreen.swift */ = {isa = PBXFileReference; lastKnownFileType = sourcecode.swift; path = TabBarScreen.swift; sourceTree = "<group>"; };
		200000000000000000000009 /* PortfolioScreen.swift */ = {isa = PBXFileReference; lastKnownFileType = sourcecode.swift; path = PortfolioScreen.swift; sourceTree = "<group>"; };
		200000000000000000000010 /* AnalyticsScreen.swift */ = {isa = PBXFileReference; lastKnownFileType = sourcecode.swift; path = AnalyticsScreen.swift; sourceTree = "<group>"; };
		200000000000000000000011 /* ProfileScreen.swift */ = {isa = PBXFileReference; lastKnownFileType = sourcecode.swift; path = ProfileScreen.swift; sourceTree = "<group>"; };
/* End PBXFileReference section */

/* Begin PBXFrameworksBuildPhase section */
		300000000000000000000001 /* Frameworks */ = {
			isa = PBXFrameworksBuildPhase;
			buildActionMask = 2147483647;
			files = (
				100000000000000000000003 /* Shared.framework in Frameworks */,
			);
			runOnlyForDeploymentPostprocessing = 0;
		};
		300000000000000000000002 /* Frameworks */ = {
			isa = PBXFrameworksBuildPhase;
			buildActionMask = 2147483647;
			files = (
				100000000000000000000006 /* Shared.framework in Frameworks */,
			);
			runOnlyForDeploymentPostprocessing = 0;
		};
/* End PBXFrameworksBuildPhase section */

/* Begin PBXGroup section */
		400000000000000000000001 = {
			isa = PBXGroup;
			children = (
				400000000000000000000002 /* Shared */,
				400000000000000000000003 /* iOS */,
				400000000000000000000004 /* macOS */,
				400000000000000000000005 /* Frameworks */,
				400000000000000000000006 /* Products */,
			);
			sourceTree = "<group>";
		};
		400000000000000000000002 /* Shared */ = {
			isa = PBXGroup;
			children = (
				200000000000000000000001 /* CrossFolioApp.swift */,
				200000000000000000000002 /* ContentView.swift */,
				200000000000000000000008 /* TabBarScreen.swift */,
				200000000000000000000009 /* PortfolioScreen.swift */,
				200000000000000000000010 /* AnalyticsScreen.swift */,
				200000000000000000000011 /* ProfileScreen.swift */,
			);
			path = Shared;
			sourceTree = "<group>";
		};
		400000000000000000000003 /* iOS */ = {
			isa = PBXGroup;
			children = (
				200000000000000000000004 /* Info.plist */,
			);
			path = iOS;
			sourceTree = "<group>";
		};
		400000000000000000000004 /* macOS */ = {
			isa = PBXGroup;
			children = (
				200000000000000000000005 /* Info.plist */,
			);
			path = macOS;
			sourceTree = "<group>";
		};
		400000000000000000000005 /* Frameworks */ = {
			isa = PBXGroup;
			children = (
				200000000000000000000003 /* Shared.framework */,
			);
			name = Frameworks;
			sourceTree = "<group>";
		};
		400000000000000000000006 /* Products */ = {
			isa = PBXGroup;
			children = (
				200000000000000000000006 /* CrossFolio iOS.app */,
				200000000000000000000007 /* CrossFolio macOS.app */,
			);
			name = Products;
			sourceTree = "<group>";
		};
/* End PBXGroup section */

/* Begin PBXNativeTarget section */
		500000000000000000000001 /* CrossFolio iOS */ = {
			isa = PBXNativeTarget;
			buildConfigurationList = 600000000000000000000001 /* Build configuration list for PBXNativeTarget "CrossFolio iOS" */;
			buildPhases = (
				700000000000000000000001 /* Compile Kotlin Framework */,
				800000000000000000000001 /* Sources */,
				300000000000000000000001 /* Frameworks */,
				900000000000000000000001 /* Resources */,
			);
			buildRules = (
			);
			dependencies = (
			);
			name = "CrossFolio iOS";
			productName = CrossFolio;
			productReference = 200000000000000000000006 /* CrossFolio iOS.app */;
			productType = "com.apple.product-type.application";
		};
		500000000000000000000002 /* CrossFolio macOS */ = {
			isa = PBXNativeTarget;
			buildConfigurationList = 600000000000000000000002 /* Build configuration list for PBXNativeTarget "CrossFolio macOS" */;
			buildPhases = (
				700000000000000000000002 /* Compile Kotlin Framework */,
				800000000000000000000002 /* Sources */,
				300000000000000000000002 /* Frameworks */,
				900000000000000000000002 /* Resources */,
			);
			buildRules = (
			);
			dependencies = (
			);
			name = "CrossFolio macOS";
			productName = CrossFolio;
			productReference = 200000000000000000000007 /* CrossFolio macOS.app */;
			productType = "com.apple.product-type.application";
		};
/* End PBXNativeTarget section */

/* Begin PBXProject section */
		A00000000000000000000001 /* Project object */ = {
			isa = PBXProject;
			attributes = {
				BuildIndependentTargetsInParallel = 1;
				LastSwiftUpdateCheck = 2660;
				LastUpgradeCheck = 2660;
				TargetAttributes = {
					500000000000000000000001 = {
						CreatedOnToolsVersion = 26.6;
					};
					500000000000000000000002 = {
						CreatedOnToolsVersion = 26.6;
					};
				};
			};
			buildConfigurationList = 600000000000000000000003 /* Build configuration list for PBXProject "CrossFolio" */;
			compatibilityVersion = "Xcode 14.0";
			developmentRegion = en;
			hasScannedForEncodings = 0;
			knownRegions = (
				en,
				Base,
			);
			mainGroup = 400000000000000000000001;
			productRefGroup = 400000000000000000000006 /* Products */;
			projectDirPath = "";
			projectRoot = "";
			targets = (
				500000000000000000000001 /* CrossFolio iOS */,
				500000000000000000000002 /* CrossFolio macOS */,
			);
		};
/* End PBXProject section */

/* Begin PBXResourcesBuildPhase section */
		900000000000000000000001 /* Resources */ = {
			isa = PBXResourcesBuildPhase;
			buildActionMask = 2147483647;
			files = (
			);
			runOnlyForDeploymentPostprocessing = 0;
		};
		900000000000000000000002 /* Resources */ = {
			isa = PBXResourcesBuildPhase;
			buildActionMask = 2147483647;
			files = (
			);
			runOnlyForDeploymentPostprocessing = 0;
		};
/* End PBXResourcesBuildPhase section */

/* Begin PBXShellScriptBuildPhase section */
		700000000000000000000001 /* Compile Kotlin Framework */ = {
			isa = PBXShellScriptBuildPhase;
			alwaysOutOfDate = 1;
			buildActionMask = 2147483647;
			files = (
			);
			inputFileListPaths = (
			);
			inputPaths = (
			);
			name = "Compile Kotlin Framework";
			outputFileListPaths = (
			);
			outputPaths = (
			);
			runOnlyForDeploymentPostprocessing = 0;
			shellPath = /bin/sh;
			shellScript = "if [ \"YES\" = \"$OVERRIDE_KOTLIN_BUILD_IDE_SUPPORTED\" ]; then\n  echo \"Skipping Gradle build task invocation\"\n  exit 0\nfi\ncd \"$SRCROOT/..\"\n./gradlew :shared:embedAndSignAppleFrameworkForXcode\n";
		};
		700000000000000000000002 /* Compile Kotlin Framework */ = {
			isa = PBXShellScriptBuildPhase;
			alwaysOutOfDate = 1;
			buildActionMask = 2147483647;
			files = (
			);
			inputFileListPaths = (
			);
			inputPaths = (
			);
			name = "Compile Kotlin Framework";
			outputFileListPaths = (
			);
			outputPaths = (
			);
			runOnlyForDeploymentPostprocessing = 0;
			shellPath = /bin/sh;
			shellScript = "if [ \"YES\" = \"$OVERRIDE_KOTLIN_BUILD_IDE_SUPPORTED\" ]; then\n  echo \"Skipping Gradle build task invocation\"\n  exit 0\nfi\ncd \"$SRCROOT/..\"\n./gradlew :shared:embedAndSignAppleFrameworkForXcode\n";
		};
/* End PBXShellScriptBuildPhase section */

/* Begin PBXSourcesBuildPhase section */
		800000000000000000000001 /* Sources */ = {
			isa = PBXSourcesBuildPhase;
			buildActionMask = 2147483647;
			files = (
				100000000000000000000001 /* CrossFolioApp.swift in Sources */,
				100000000000000000000002 /* ContentView.swift in Sources */,
				100000000000000000000007 /* TabBarScreen.swift in Sources */,
				100000000000000000000008 /* PortfolioScreen.swift in Sources */,
				100000000000000000000009 /* AnalyticsScreen.swift in Sources */,
				100000000000000000000010 /* ProfileScreen.swift in Sources */,
			);
			runOnlyForDeploymentPostprocessing = 0;
		};
		800000000000000000000002 /* Sources */ = {
			isa = PBXSourcesBuildPhase;
			buildActionMask = 2147483647;
			files = (
				100000000000000000000004 /* CrossFolioApp.swift in Sources */,
				100000000000000000000005 /* ContentView.swift in Sources */,
				100000000000000000000011 /* TabBarScreen.swift in Sources */,
				100000000000000000000012 /* PortfolioScreen.swift in Sources */,
				100000000000000000000013 /* AnalyticsScreen.swift in Sources */,
				100000000000000000000014 /* ProfileScreen.swift in Sources */,
			);
			runOnlyForDeploymentPostprocessing = 0;
		};
/* End PBXSourcesBuildPhase section */

/* Begin XCBuildConfiguration section */
		B00000000000000000000001 /* Debug */ = {
			isa = XCBuildConfiguration;
			buildSettings = {
				CODE_SIGN_STYLE = Automatic;
				CURRENT_PROJECT_VERSION = 1;
				DEVELOPMENT_TEAM = "";
				ENABLE_PREVIEWS = YES;
				ENABLE_USER_SCRIPT_SANDBOXING = NO;
				INFOPLIST_FILE = iOS/Info.plist;
				IPHONEOS_DEPLOYMENT_TARGET = 17.0;
				LD_RUNPATH_SEARCH_PATHS = "$(inherited) @executable_path/Frameworks";
				MARKETING_VERSION = 1.0;
				PRODUCT_BUNDLE_IDENTIFIER = com.crossfolio.ios;
				PRODUCT_NAME = "$(TARGET_NAME)";
				SDKROOT = iphoneos;
				SUPPORTED_PLATFORMS = "iphoneos iphonesimulator";
				SUPPORTS_MACCATALYST = NO;
				SWIFT_VERSION = 6.0;
				TARGETED_DEVICE_FAMILY = "1,2";
			};
			name = Debug;
		};
		B00000000000000000000002 /* Release */ = {
			isa = XCBuildConfiguration;
			buildSettings = {
				CODE_SIGN_STYLE = Automatic;
				CURRENT_PROJECT_VERSION = 1;
				DEVELOPMENT_TEAM = "";
				ENABLE_USER_SCRIPT_SANDBOXING = NO;
				INFOPLIST_FILE = iOS/Info.plist;
				IPHONEOS_DEPLOYMENT_TARGET = 17.0;
				LD_RUNPATH_SEARCH_PATHS = "$(inherited) @executable_path/Frameworks";
				MARKETING_VERSION = 1.0;
				PRODUCT_BUNDLE_IDENTIFIER = com.crossfolio.ios;
				PRODUCT_NAME = "$(TARGET_NAME)";
				SDKROOT = iphoneos;
				SUPPORTED_PLATFORMS = "iphoneos iphonesimulator";
				SUPPORTS_MACCATALYST = NO;
				SWIFT_VERSION = 6.0;
				TARGETED_DEVICE_FAMILY = "1,2";
			};
			name = Release;
		};
		B00000000000000000000003 /* Debug */ = {
			isa = XCBuildConfiguration;
			buildSettings = {
				CODE_SIGN_STYLE = Automatic;
				CURRENT_PROJECT_VERSION = 1;
				DEVELOPMENT_TEAM = "";
				ENABLE_PREVIEWS = YES;
				ENABLE_USER_SCRIPT_SANDBOXING = NO;
				INFOPLIST_FILE = macOS/Info.plist;
				LD_RUNPATH_SEARCH_PATHS = "$(inherited) @executable_path/../Frameworks";
				MACOSX_DEPLOYMENT_TARGET = 14.0;
				MARKETING_VERSION = 1.0;
				PRODUCT_BUNDLE_IDENTIFIER = com.crossfolio.macos;
				PRODUCT_NAME = "$(TARGET_NAME)";
				SDKROOT = macosx;
				SWIFT_VERSION = 6.0;
			};
			name = Debug;
		};
		B00000000000000000000004 /* Release */ = {
			isa = XCBuildConfiguration;
			buildSettings = {
				CODE_SIGN_STYLE = Automatic;
				CURRENT_PROJECT_VERSION = 1;
				DEVELOPMENT_TEAM = "";
				ENABLE_USER_SCRIPT_SANDBOXING = NO;
				INFOPLIST_FILE = macOS/Info.plist;
				LD_RUNPATH_SEARCH_PATHS = "$(inherited) @executable_path/../Frameworks";
				MACOSX_DEPLOYMENT_TARGET = 14.0;
				MARKETING_VERSION = 1.0;
				PRODUCT_BUNDLE_IDENTIFIER = com.crossfolio.macos;
				PRODUCT_NAME = "$(TARGET_NAME)";
				SDKROOT = macosx;
				SWIFT_VERSION = 6.0;
			};
			name = Release;
		};
		B00000000000000000000005 /* Debug */ = {
			isa = XCBuildConfiguration;
			buildSettings = {
				CLANG_ENABLE_MODULES = YES;
				CLANG_ENABLE_OBJC_ARC = YES;
				DEBUG_INFORMATION_FORMAT = dwarf;
				ENABLE_TESTABILITY = YES;
				GCC_C_LANGUAGE_STANDARD = gnu17;
				ONLY_ACTIVE_ARCH = YES;
				SWIFT_ACTIVE_COMPILATION_CONDITIONS = DEBUG;
			};
			name = Debug;
		};
		B00000000000000000000006 /* Release */ = {
			isa = XCBuildConfiguration;
			buildSettings = {
				CLANG_ENABLE_MODULES = YES;
				CLANG_ENABLE_OBJC_ARC = YES;
				DEBUG_INFORMATION_FORMAT = "dwarf-with-dsym";
				GCC_C_LANGUAGE_STANDARD = gnu17;
				SWIFT_COMPILATION_MODE = wholemodule;
			};
			name = Release;
		};
/* End XCBuildConfiguration section */

/* Begin XCConfigurationList section */
		600000000000000000000001 /* Build configuration list for PBXNativeTarget "CrossFolio iOS" */ = {
			isa = XCConfigurationList;
			buildConfigurations = (
				B00000000000000000000001 /* Debug */,
				B00000000000000000000002 /* Release */,
			);
			defaultConfigurationIsVisible = 0;
			defaultConfigurationName = Release;
		};
		600000000000000000000002 /* Build configuration list for PBXNativeTarget "CrossFolio macOS" */ = {
			isa = XCConfigurationList;
			buildConfigurations = (
				B00000000000000000000003 /* Debug */,
				B00000000000000000000004 /* Release */,
			);
			defaultConfigurationIsVisible = 0;
			defaultConfigurationName = Release;
		};
		600000000000000000000003 /* Build configuration list for PBXProject "CrossFolio" */ = {
			isa = XCConfigurationList;
			buildConfigurations = (
				B00000000000000000000005 /* Debug */,
				B00000000000000000000006 /* Release */,
			);
			defaultConfigurationIsVisible = 0;
			defaultConfigurationName = Release;
		};
/* End XCConfigurationList section */
	};
	rootObject = A00000000000000000000001 /* Project object */;
}
